
Microsoft Visual Studio Solution File, Format Version 12.00
# Visual Studio 14
VisualStudioVersion = 14.0.25420.1
MinimumVisualStudioVersion = 10.0.40219.1
Project("{FAE04EC0-301F-11D3-BF4B-00C04F79EFBC}") = "SayMyName", "SayMyName\SayMyName.csproj", "{ADDF5AFF-69A2-4F04-AC3A-B8EDE1574484}"
EndProject
Project("{FAE04EC0-301F-11D3-BF4B-00C04F79EFBC}") = "NombreMystereConsole", "NombreMystereConsole\NombreMystereConsole.csproj", "{E058ED22-A2CA-4A3E-A303-E2D179771C11}"
EndProject
Project("{FAE04EC0-301F-11D3-BF4B-00C04F79EFBC}") = "NombreMystereWPF", "NombreMystereWPF\NombreMystereWPF.csproj", "{88F4B5A5-3EB9-4258-A346-0C252E42C7E5}"
EndProject
Global
	GlobalSection(SolutionConfigurationPlatforms) = preSolution
		Debug|Any CPU = Debug|Any CPU
		Release|Any CPU = Release|Any CPU
	EndGlobalSection
	GlobalSection(ProjectConfigurationPlatforms) = postSolution
		{ADDF5AFF-69A2-4F04-AC3A-B8EDE1574484}.Debug|Any CPU.ActiveCfg = Debug|Any CPU
		{ADDF5AFF-69A2-4F04-AC3A-B8EDE1574484}.Debug|Any CPU.Build.0 = Debug|Any CPU
		{ADDF5AFF-69A2-4F04-AC3A-B8EDE1574484}.Release|Any CPU.ActiveCfg = Release|Any CPU
		{ADDF5AFF-69A2-4F04-AC3A-B8EDE1574484}.Release|Any CPU.Build.0 = Release|Any CPU
		{E058ED22-A2CA-4A3E-A303-E2D179771C11}.Debug|Any CPU.ActiveCfg = Debug|Any CPU
		{E058ED22-A2CA-4A3E-A303-E2D179771C11}.Debug|Any CPU.Build.0 = Debug|Any CPU
		{E058ED22-A2CA-4A3E-A303-E2D179771C11}.Release|Any CPU.ActiveCfg = Release|Any CPU
		{E058ED22-A2CA-4A3E-A303-E2D179771C11}.Release|Any CPU.Build.0 = Release|Any CPU
		{88F4B5A5-3EB9-4258-A346-0C252E42C7E5}.Debug|Any CPU.ActiveCfg = Debug|Any CPU
		{88F4B5A5-3EB9-4258-A346-0C252E42C7E5}.Debug|Any CPU.Build.0 = Debug|Any CPU
		{88F4B5A5-3EB9-4258-A346-0C252E42C7E5}.Release|Any CPU.ActiveCfg = Release|Any CPU
		{88F4B5A5-3EB9-4258-A346-0C252E42C7E5}.Release|Any CPU.Build.0 = Release|Any CPU
	EndGlobalSection
	GlobalSection(SolutionProperties) = preSolution
		HideSolutionNode = FALSE
	EndGlobalSection
EndGlobal
